// !$*UTF8*$!
{
	archiveVersion = 1;
	classes = {
	};
	objectVersion = 56;
	objects = {

/* Begin PBXBuildFile section */
		C598176128CE879400B2B2B5 /* AppDelegate.m in Sources */ = {isa = PBXBuildFile; fileRef = C598176028CE879400B2B2B5 /* AppDelegate.m */; };
		C598176428CE879400B2B2B5 /* SceneDelegate.m in Sources */ = {isa = PBXBuildFile; fileRef = C598176328CE879400B2B2B5 /* SceneDelegate.m */; };
		C598176728CE879400B2B2B5 /* ViewController.m in Sources */ = {isa = PBXBuildFile; fileRef = C598176628CE879400B2B2B5 /* ViewController.m */; };
		C598176A28CE879400B2B2B5 /* Main.storyboard in Resources */ = {isa = PBXBuildFile; fileRef = C598176828CE879400B2B2B5 /* Main.storyboard */; };
		C598176C28CE879700B2B2B5 /* Assets.xcassets in Resources */ = {isa = PBXBuildFile; fileRef = C598176B28CE879700B2B2B5 /* Assets.xcassets */; };
		C598176F28CE879700B2B2B5 /* LaunchScreen.storyboard in Resources */ = {isa = PBXBuildFile; fileRef = C598176D28CE879700B2B2B5 /* LaunchScreen.storyboard */; };
		C598177228CE879700B2B2B5 /* main.m in Sources */ = {isa = PBXBuildFile; fileRef = C598177128CE879700B2B2B5 /* main.m */; };
/* End PBXBuildFile section */

/* Begin PBXFileReference section */
		C598175C28CE879400B2B2B5 /* WDBUIKitDynamicsEvaluation2.app */ = {isa = PBXFileReference; explicitFileType = wrapper.application; includeInIndex = 0; path = WDBUIKitDynamicsEvaluation2.app; sourceTree = BUILT_PRODUCTS_DIR; };
		C598175F28CE879400B2B2B5 /* AppDelegate.h */ = {isa = PBXFileReference; lastKnownFileType = sourcecode.c.h; path = AppDelegate.h; sourceTree = "<group>"; };
		C598176028CE879400B2B2B5 /* AppDelegate.m */ = {isa = PBXFileReference; lastKnownFileType = sourcecode.c.objc; path = AppDelegate.m; sourceTree = "<group>"; };
		C598176228CE879400B2B2B5 /* SceneDelegate.h */ = {isa = PBXFileReference; lastKnownFileType = sourcecode.c.h; path = SceneDelegate.h; sourceTree = "<group>"; };
		C598176328CE879400B2B2B5 /* SceneDelegate.m */ = {isa = PBXFileReference; lastKnownFileType = sourcecode.c.objc; path = SceneDelegate.m; sourceTree = "<group>"; };
		C598176528CE879400B2B2B5 /* ViewController.h */ = {isa = PBXFileReference; lastKnownFileType = sourcecode.c.h; path = ViewController.h; sourceTree = "<group>"; };
		C598176628CE879400B2B2B5 /* ViewController.m */ = {isa = PBXFileReference; lastKnownFileType = sourcecode.c.objc; path = ViewController.m; sourceTree = "<group>"; };
		C598176928CE879400B2B2B5 /* Base */ = {isa = PBXFileReference; lastKnownFileType = file.storyboard; name = Base; path = Base.lproj/Main.storyboard; sourceTree = "<group>"; };
		C598176B28CE879700B2B2B5 /* Assets.xcassets */ = {isa = PBXFileReference; lastKnownFileType = folder.assetcatalog; path = Assets.xcassets; sourceTree = "<group>"; };
		C598176E28CE879700B2B2B5 /* Base */ = {isa = PBXFileReference; lastKnownFileType = file.storyboard; name = Base; path = Base.lproj/LaunchScreen.storyboard; sourceTree = "<group>"; };
		C598177028CE879700B2B2B5 /* Info.plist */ = {isa = PBXFileReference; lastKnownFileType = text.plist.xml; path = Info.plist; sourceTree = "<group>"; };
		C598177128CE879700B2B2B5 /* main.m */ = {isa = PBXFileReference; lastKnownFileType = sourcecode.c.objc; path = main.m; sourceTree = "<group>"; };
/* End PBXFileReference section */

/* Begin PBXFrameworksBuildPhase section */
		C598175928CE879400B2B2B5 /* Frameworks */ = {
			isa = PBXFrameworksBuildPhase;
			buildActionMask = 2147483647;
			files = (
			);
			runOnlyForDeploymentPostprocessing = 0;
		};
/* End PBXFrameworksBuildPhase section */

/* Begin PBXGroup section */
		C598175328CE879400B2B2B5 = {
			isa = PBXGroup;
			children = (
				C598175E28CE879400B2B2B5 /* WDBUIKitDynamicsEvaluation2 */,
				C598175D28CE879400B2B2B5 /* Products */,
			);
			sourceTree = "<group>";
		};
		C598175D28CE879400B2B2B5 /* Products */ = {
			isa = PBXGroup;
			children = (
				C598175C28CE879400B2B2B5 /* WDBUIKitDynamicsEvaluation2.app */,
			);
			name = Products;
			sourceTree = "<group>";
		};
		C598175E28CE879400B2B2B5 /* WDBUIKitDynamicsEvaluation2 */ = {
			isa = PBXGroup;
			children = (
				C598175F28CE879400B2B2B5 /* AppDelegate.h */,
				C598176028CE879400B2B2B5 /* AppDelegate.m */,
				C598176228CE879400B2B2B5 /* SceneDelegate.h */,
				C598176328CE879400B2B2B5 /* SceneDelegate.m */,
				C598176528CE879400B2B2B5 /* ViewController.h */,
				C598176628CE879400B2B2B5 /* ViewController.m */,
				C598176828CE879400B2B2B5 /* Main.storyboard */,
				C598176B28CE879700B2B2B5 /* Assets.xcassets */,
				C598176D28CE879700B2B2B5 /* LaunchScreen.storyboard */,
				C598177028CE879700B2B2B5 /* Info.plist */,
				C598177128CE879700B2B2B5 /* main.m */,
			);
			path = WDBUIKitDynamicsEvaluation2;
			sourceTree = "<group>";
		};
/* End PBXGroup section */

/* Begin PBXNativeTarget section */
		C598175B28CE879400B2B2B5 /* WDBUIKitDynamicsEvaluation2 */ = {
			isa = PBXNativeTarget;
			buildConfigurationList = C598177528CE879700B2B2B5 /* Build configuration list for PBXNativeTarget "WDBUIKitDynamicsEvaluation2" */;
			buildPhases = (
				C598175828CE879400B2B2B5 /* Sources */,
				C598175928CE879400B2B2B5 /* Frameworks */,
				C598175A28CE879400B2B2B5 /* Resources */,
			);
			buildRules = (
			);
			dependencies = (
			);
			name = WDBUIKitDynamicsEvaluation2;
			productName = WDBUIKitDynamicsEvaluation2;
			productReference = C598175C28CE879400B2B2B5 /* WDBUIKitDynamicsEvaluation2.app */;
			productType = "com.apple.product-type.application";
		};
/* End PBXNativeTarget section */

/* Begin PBXProject section */
		C598175428CE879400B2B2B5 /* Project object */ = {
			isa = PBXProject;
			attributes = {
				BuildIndependentTargetsInParallel = 1;
				LastUpgradeCheck = 1400;
				TargetAttributes = {
					C598175B28CE879400B2B2B5 = {
						CreatedOnToolsVersion = 14.0;
					};
				};
			};
			buildConfigurationList = C598175728CE879400B2B2B5 /* Build configuration list for PBXProject "WDBUIKitDynamicsEvaluation2" */;
			compatibilityVersion = "Xcode 14.0";
			developmentRegion = en;
			hasScannedForEncodings = 0;
			knownRegions = (
				en,
				Base,
			);
			mainGroup = C598175328CE879400B2B2B5;
			productRefGroup = C598175D28CE879400B2B2B5 /* Products */;
			projectDirPath = "";
			projectRoot = "";
			targets = (
				C598175B28CE879400B2B2B5 /* WDBUIKitDynamicsEvaluation2 */,
			);
		};
/* End PBXProject section */

/* Begin PBXResourcesBuildPhase section */
		C598175A28CE879400B2B2B5 /* Resources */ = {
			isa = PBXResourcesBuildPhase;
			buildActionMask = 2147483647;
			files = (
				C598176F28CE879700B2B2B5 /* LaunchScreen.storyboard in Resources */,
				C598176C28CE879700B2B2B5 /* Assets.xcassets in Resources */,
				C598176A28CE879400B2B2B5 /* Main.storyboard in Resources */,
			);
			runOnlyForDeploymentPostprocessing = 0;
		};
/* End PBXResourcesBuildPhase section */

/* Begin PBXSourcesBuildPhase section */
		C598175828CE879400B2B2B5 /* Sources */ = {
			isa = PBXSourcesBuildPhase;
			buildActionMask = 2147483647;
			files = (
				C598176728CE879400B2B2B5 /* ViewController.m in Sources */,
				C598176128CE879400B2B2B5 /* AppDelegate.m in Sources */,
				C598177228CE879700B2B2B5 /* main.m in Sources */,
				C598176428CE879400B2B2B5 /* SceneDelegate.m in Sources */,
			);
			runOnlyForDeploymentPostprocessing = 0;
		};
/* End PBXSourcesBuildPhase section */

/* Begin PBXVariantGroup section */
		C598176828CE879400B2B2B5 /* Main.storyboard */ = {
			isa = PBXVariantGroup;
			children = (
				C598176928CE879400B2B2B5 /* Base */,
			);
			name = Main.storyboard;
			sourceTree = "<group>";
		};
		C598176D28CE879700B2B2B5 /* LaunchScreen.storyboard */ = {
			isa = PBXVariantGroup;
			children = (
				C598176E28CE879700B2B2B5 /* Base */,
			);
			name = LaunchScreen.storyboard;
			sourceTree = "<group>";
		};
/* End PBXVariantGroup section */

/* Begin XCBuildConfiguration section */
		C598177328CE879700B2B2B5 /* Debug */ = {
			isa = XCBuildConfiguration;
			buildSettings = {
				ALWAYS_SEARCH_USER_PATHS = NO;
				CLANG_ANALYZER_NONNULL = YES;
				CLANG_ANALYZER_NUMBER_OBJECT_CONVERSION = YES_AGGRESSIVE;
				CLANG_CXX_LANGUAGE_STANDARD = "gnu++20";
				CLANG_ENABLE_MODULES = YES;
				CLANG_ENABLE_OBJC_ARC = YES;
				CLANG_ENABLE_OBJC_WEAK = YES;
				CLANG_WARN_BLOCK_CAPTURE_AUTORELEASING = YES;
				CLANG_WARN_BOOL_CONVERSION = YES;
				CLANG_WARN_COMMA = YES;
				CLANG_WARN_CONSTANT_CONVERSION = YES;
				CLANG_WARN_DEPRECATED_OBJC_IMPLEMENTATIONS = YES;
				CLANG_WARN_DIRECT_OBJC_ISA_USAGE = YES_ERROR;
				CLANG_WARN_DOCUMENTATION_COMMENTS = YES;
				CLANG_WARN_EMPTY_BODY = YES;
				CLANG_WARN_ENUM_CONVERSION = YES;
				CLANG_WARN_INFINITE_RECURSION = YES;
				CLANG_WARN_INT_CONVERSION = YES;
				CLANG_WARN_NON_LITERAL_NULL_CONVERSION = YES;
				CLANG_WARN_OBJC_IMPLICIT_RETAIN_SELF = YES;
				CLANG_WARN_OBJC_LITERAL_CONVERSION = YES;
				CLANG_WARN_OBJC_ROOT_CLASS = YES_ERROR;
				CLANG_WARN_QUOTED_INCLUDE_IN_FRAMEWORK_HEADER = YES;
				CLANG_WARN_RANGE_LOOP_ANALYSIS = YES;
				CLANG_WARN_STRICT_PROTOTYPES = YES;
				CLANG_WARN_SUSPICIOUS_MOVE = YES;
				CLANG_WARN_UNGUARDED_AVAILABILITY = YES_AGGRESSIVE;
				CLANG_WARN_UNREACHABLE_CODE = YES;
				CLANG_WARN__DUPLICATE_METHOD_MATCH = YES;
				COPY_PHASE_STRIP = NO;
				DEBUG_INFORMATION_FORMAT = dwarf;
				ENABLE_STRICT_OBJC_MSGSEND = YES;
				ENABLE_TESTABILITY = YES;
				GCC_C_LANGUAGE_STANDARD = gnu11;
				GCC_DYNAMIC_NO_PIC = NO;
				GCC_NO_COMMON_BLOCKS = YES;
				GCC_OPTIMIZATION_LEVEL = 0;
				GCC_PREPROCESSOR_DEFINITIONS = (
					"DEBUG=1",
					"$(inherited)",
				);
				GCC_WARN_64_TO_32_BIT_CONVERSION = YES;
				GCC_WARN_ABOUT_RETURN_TYPE = YES_ERROR;
				GCC_WARN_UNDECLARED_SELECTOR = YES;
				GCC_WARN_UNINITIALIZED_AUTOS = YES_AGGRESSIVE;
				GCC_WARN_UNUSED_FUNCTION = YES;
				GCC_WARN_UNUSED_VARIABLE = YES;
				IPHONEOS_DEPLOYMENT_TARGET = 16.0;
				MTL_ENABLE_DEBUG_INFO = INCLUDE_SOURCE;
				MTL_FAST_MATH = YES;
				ONLY_ACTIVE_ARCH = YES;
				SDKROOT = iphoneos;
			};
			name = Debug;
		};
		C598177428CE879700B2B2B5 /* Release */ = {
			isa = XCBuildConfiguration;
			buildSettings = {
				ALWAYS_SEARCH_USER_PATHS = NO;
				CLANG_ANALYZER_NONNULL = YES;
				CLANG_ANALYZER_NUMBER_OBJECT_CONVERSION = YES_AGGRESSIVE;
				CLANG_CXX_LANGUAGE_STANDARD = "gnu++20";
				CLANG_ENABLE_MODULES = YES;
				CLANG_ENABLE_OBJC_ARC = YES;
				CLANG_ENABLE_OBJC_WEAK = YES;
				CLANG_WARN_BLOCK_CAPTURE_AUTORELEASING = YES;
				CLANG_WARN_BOOL_CONVERSION = YES;
				CLANG_WARN_COMMA = YES;
				CLANG_WARN_CONSTANT_CONVERSION = YES;
				CLANG_WARN_DEPRECATED_OBJC_IMPLEMENTATIONS = YES;
				CLANG_WARN_DIRECT_OBJC_ISA_USAGE = YES_ERROR;
				CLANG_WARN_DOCUMENTATION_COMMENTS = YES;
				CLANG_WARN_EMPTY_BODY = YES;
				CLANG_WARN_ENUM_CONVERSION = YES;
				CLANG_WARN_INFINITE_RECURSION = YES;
				CLANG_WARN_INT_CONVERSION = YES;
				CLANG_WARN_NON_LITERAL_NULL_CONVERSION = YES;
				CLANG_WARN_OBJC_IMPLICIT_RETAIN_SELF = YES;
				CLANG_WARN_OBJC_LITERAL_CONVERSION = YES;
				CLANG_WARN_OBJC_ROOT_CLASS = YES_ERROR;
				CLANG_WARN_QUOTED_INCLUDE_IN_FRAMEWORK_HEADER = YES;
				CLANG_WARN_RANGE_LOOP_ANALYSIS = YES;
				CLANG_WARN_STRICT_PROTOTYPES = YES;
				CLANG_WARN_SUSPICIOUS_MOVE = YES;
				CLANG_WARN_UNGUARDED_AVAILABILITY = YES_AGGRESSIVE;
				CLANG_WARN_UNREACHABLE_CODE = YES;
				CLANG_WARN__DUPLICATE_METHOD_MATCH = YES;
				COPY_PHASE_STRIP = NO;
				DEBUG_INFORMATION_FORMAT = "dwarf-with-dsym";
				ENABLE_NS_ASSERTIONS = NO;
				ENABLE_STRICT_OBJC_MSGSEND = YES;
				GCC_C_LANGUAGE_STANDARD = gnu11;
				GCC_NO_COMMON_BLOCKS = YES;
				GCC_WARN_64_TO_32_BIT_CONVERSION = YES;
				GCC_WARN_ABOUT_RETURN_TYPE = YES_ERROR;
				GCC_WARN_UNDECLARED_SELECTOR = YES;
				GCC_WARN_UNINITIALIZED_AUTOS = YES_AGGRESSIVE;
				GCC_WARN_UNUSED_FUNCTION = YES;
				GCC_WARN_UNUSED_VARIABLE = YES;
				IPHONEOS_DEPLOYMENT_TARGET = 16.0;
				MTL_ENABLE_DEBUG_INFO = NO;
				MTL_FAST_MATH = YES;
				SDKROOT = iphoneos;
				VALIDATE_PRODUCT = YES;
			};
			name = Release;
		};
		C598177628CE879700B2B2B5 /* Debug */ = {
			isa = XCBuildConfiguration;
			buildSettings = {
				ASSETCATALOG_COMPILER_APPICON_NAME = AppIcon;
				ASSETCATALOG_COMPILER_GLOBAL_ACCENT_COLOR_NAME = AccentColor;
				CODE_SIGN_STYLE = Automatic;
				CURRENT_PROJECT_VERSION = 1;
				DEVELOPMENT_TEAM = 3D7RY4393N;
				GENERATE_INFOPLIST_FILE = YES;
				INFOPLIST_FILE = WDBUIKitDynamicsEvaluation2/Info.plist;
				INFOPLIST_KEY_UIApplicationSupportsIndirectInputEvents = YES;
				INFOPLIST_KEY_UILaunchStoryboardName = LaunchScreen;
				INFOPLIST_KEY_UIMainStoryboardFile = Main;
				INFOPLIST_KEY_UISupportedInterfaceOrientations_iPad = "UIInterfaceOrientationPortrait UIInterfaceOrientationPortraitUpsideDown UIInterfaceOrientationLandscapeLeft UIInterfaceOrientationLandscapeRight";
				INFOPLIST_KEY_UISupportedInterfaceOrientations_iPhone = "UIInterfaceOrientationPortrait UIInterfaceOrientationLandscapeLeft UIInterfaceOrientationLandscapeRight";
				LD_RUNPATH_SEARCH_PATHS = (
					"$(inherited)",
					"@executable_path/Frameworks",
				);
				MARKETING_VERSION = 1.0;
				PRODUCT_BUNDLE_IDENTIFIER = com.worthdoingbadly.WDBUIKitDynamicsEvaluation2;
				PRODUCT_NAME = "$(TARGET_NAME)";
				SWIFT_EMIT_LOC_STRINGS = YES;
				TARGETED_DEVICE_FAMILY = "1,2";
			};
			name = Debug;
		};
		C598177728CE879700B2B2B5 /* Release */ = {
			isa = XCBuildConfiguration;
			buildSettings = {
				ASSETCATALOG_COMPILER_APPICON_NAME = AppIcon;
				ASSETCATALOG_COMPILER_GLOBAL_ACCENT_COLOR_NAME = AccentColor;
				CODE_SIGN_STYLE = Automatic;
				CURRENT_PROJECT_VERSION = 1;
				DEVELOPMENT_TEAM = 3D7RY4393N;
				GENERATE_INFOPLIST_FILE = YES;
				INFOPLIST_FILE = WDBUIKitDynamicsEvaluation2/Info.plist;
				INFOPLIST_KEY_UIApplicationSupportsIndirectInputEvents = YES;
				INFOPLIST_KEY_UILaunchStoryboardName = LaunchScreen;
				INFOPLIST_KEY_UIMainStoryboardFile = Main;
				INFOPLIST_KEY_UISupportedInterfaceOrientations_iPad = "UIInterfaceOrientationPortrait UIInterfaceOrientationPortraitUpsideDown UIInterfaceOrientationLandscapeLeft UIInterfaceOrientationLandscapeRight";
				INFOPLIST_KEY_UISupportedInterfaceOrientations_iPhone = "UIInterfaceOrientationPortrait UIInterfaceOrientationLandscapeLeft UIInterfaceOrientationLandscapeRight";
				LD_RUNPATH_SEARCH_PATHS = (
					"$(inherited)",
					"@executable_path/Frameworks",
				);
				MARKETING_VERSION = 1.0;
				PRODUCT_BUNDLE_IDENTIFIER = com.worthdoingbadly.WDBUIKitDynamicsEvaluation2;
				PRODUCT_NAME = "$(TARGET_NAME)";
				SWIFT_EMIT_LOC_STRINGS = YES;
				TARGETED_DEVICE_FAMILY = "1,2";
			};
			name = Release;
		};
/* End XCBuildConfiguration section */

/* Begin XCConfigurationList section */
		C598175728CE879400B2B2B5 /* Build configuration list for PBXProject "WDBUIKitDynamicsEvaluation2" */ = {
			isa = XCConfigurationList;
			buildConfigurations = (
				C598177328CE879700B2B2B5 /* Debug */,
				C598177428CE879700B2B2B5 /* Release */,
			);
			defaultConfigurationIsVisible = 0;
			defaultConfigurationName = Release;
		};
		C598177528CE879700B2B2B5 /* Build configuration list for PBXNativeTarget "WDBUIKitDynamicsEvaluation2" */ = {
			isa = XCConfigurationList;
			buildConfigurations = (
				C598177628CE879700B2B2B5 /* Debug */,
				C598177728CE879700B2B2B5 /* Release */,
			);
			defaultConfigurationIsVisible = 0;
			defaultConfigurationName = Release;
		};
/* End XCConfigurationList section */
	};
	rootObject = C598175428CE879400B2B2B5 /* Project object */;
}
